// !$*UTF8*$!
{
	archiveVersion = 1;
	classes = {
	};
	objectVersion = 50;
	objects = {

/* Begin PBXBuildFile section */
		150A518E2212B48A00C837B0 /* AppDelegate.swift in Sources */ = {isa = PBXBuildFile; fileRef = 150A518D2212B48A00C837B0 /* AppDelegate.swift */; };
		150A51952212B48C00C837B0 /* Assets.xcassets in Resources */ = {isa = PBXBuildFile; fileRef = 150A51942212B48C00C837B0 /* Assets.xcassets */; };
		150A51982212B48C00C837B0 /* LaunchScreen.storyboard in Resources */ = {isa = PBXBuildFile; fileRef = 150A51962212B48C00C837B0 /* LaunchScreen.storyboard */; };
		150A51A32212B48C00C837B0 /* AssessmentTaskTests.swift in Sources */ = {isa = PBXBuildFile; fileRef = 150A51A22212B48C00C837B0 /* AssessmentTaskTests.swift */; };
		150A51AE2212B48C00C837B0 /* AssessmentTaskUITests.swift in Sources */ = {isa = PBXBuildFile; fileRef = 150A51AD2212B48C00C837B0 /* AssessmentTaskUITests.swift */; };
		150A51BC2212B57800C837B0 /* WebService.swift in Sources */ = {isa = PBXBuildFile; fileRef = 150A51BB2212B57800C837B0 /* WebService.swift */; };
		150A51BE2212B92700C837B0 /* MainViewController.swift in Sources */ = {isa = PBXBuildFile; fileRef = 150A51BD2212B92700C837B0 /* MainViewController.swift */; };
		15BC14152212C831000D2844 /* MainTableCell.swift in Sources */ = {isa = PBXBuildFile; fileRef = 15BC14142212C831000D2844 /* MainTableCell.swift */; };
		15E4B8E22212EAA900ED81E0 /* Category.swift in Sources */ = {isa = PBXBuildFile; fileRef = 15E4B8E12212EAA900ED81E0 /* Category.swift */; };
		15E4B8E42212EB1B00ED81E0 /* MainViewModal.swift in Sources */ = {isa = PBXBuildFile; fileRef = 15E4B8E32212EB1B00ED81E0 /* MainViewModal.swift */; };
		15E4B8E82212FEC900ED81E0 /* AssessmentConstants.swift in Sources */ = {isa = PBXBuildFile; fileRef = 15E4B8E72212FEC900ED81E0 /* AssessmentConstants.swift */; };
		15E4B8EA2212FF8300ED81E0 /* Alert.swift in Sources */ = {isa = PBXBuildFile; fileRef = 15E4B8E92212FF8300ED81E0 /* Alert.swift */; };
		15E4B8EC2213129400ED81E0 /* RemoteDataSource.swift in Sources */ = {isa = PBXBuildFile; fileRef = 15E4B8EB2213129400ED81E0 /* RemoteDataSource.swift */; };
		15E4B8EE22131D8B00ED81E0 /* ReachabilityHandler.swift in Sources */ = {isa = PBXBuildFile; fileRef = 15E4B8ED22131D8B00ED81E0 /* ReachabilityHandler.swift */; };
		15E4B8F0221321FF00ED81E0 /* MockDataSource.swift in Sources */ = {isa = PBXBuildFile; fileRef = 15E4B8EF221321FF00ED81E0 /* MockDataSource.swift */; };
		15E4B8F2221327C200ED81E0 /* CategoryTest.swift in Sources */ = {isa = PBXBuildFile; fileRef = 15E4B8F1221327C200ED81E0 /* CategoryTest.swift */; };
		15E4B8F522132AA200ED81E0 /* Category.swift in Sources */ = {isa = PBXBuildFile; fileRef = 15E4B8E12212EAA900ED81E0 /* Category.swift */; };
		7144FD7CC93A0799333ABC87 /* Pods_AssessmentTask.framework in Frameworks */ = {isa = PBXBuildFile; fileRef = 0994AB1195DFC08A52A78AF9 /* Pods_AssessmentTask.framework */; };
/* End PBXBuildFile section */

/* Begin PBXContainerItemProxy section */
		150A519F2212B48C00C837B0 /* PBXContainerItemProxy */ = {
			isa = PBXContainerItemProxy;
			containerPortal = 150A51822212B48A00C837B0 /* Project object */;
			proxyType = 1;
			remoteGlobalIDString = 150A51892212B48A00C837B0;
			remoteInfo = AssessmentTask;
		};
		150A51AA2212B48C00C837B0 /* PBXContainerItemProxy */ = {
			isa = PBXContainerItemProxy;
			containerPortal = 150A51822212B48A00C837B0 /* Project object */;
			proxyType = 1;
			remoteGlobalIDString = 150A51892212B48A00C837B0;
			remoteInfo = AssessmentTask;
		};
/* End PBXContainerItemProxy section */

/* Begin PBXFileReference section */
		0994AB1195DFC08A52A78AF9 /* Pods_AssessmentTask.framework */ = {isa = PBXFileReference; explicitFileType = wrapper.framework; includeInIndex = 0; path = Pods_AssessmentTask.framework; sourceTree = BUILT_PRODUCTS_DIR; };
		150A518A2212B48A00C837B0 /* AssessmentTask.app */ = {isa = PBXFileReference; explicitFileType = wrapper.application; includeInIndex = 0; path = AssessmentTask.app; sourceTree = BUILT_PRODUCTS_DIR; };
		150A518D2212B48A00C837B0 /* AppDelegate.swift */ = {isa = PBXFileReference; lastKnownFileType = sourcecode.swift; path = AppDelegate.swift; sourceTree = "<group>"; };
		150A51942212B48C00C837B0 /* Assets.xcassets */ = {isa = PBXFileReference; lastKnownFileType = folder.assetcatalog; path = Assets.xcassets; sourceTree = "<group>"; };
		150A51972212B48C00C837B0 /* Base */ = {isa = PBXFileReference; lastKnownFileType = file.storyboard; name = Base; path = Base.lproj/LaunchScreen.storyboard; sourceTree = "<group>"; };
		150A51992212B48C00C837B0 /* Info.plist */ = {isa = PBXFileReference; lastKnownFileType = text.plist.xml; path = Info.plist; sourceTree = "<group>"; };
		150A519E2212B48C00C837B0 /* AssessmentTaskTests.xctest */ = {isa = PBXFileReference; explicitFileType = wrapper.cfbundle; includeInIndex = 0; path = AssessmentTaskTests.xctest; sourceTree = BUILT_PRODUCTS_DIR; };
		150A51A22212B48C00C837B0 /* AssessmentTaskTests.swift */ = {isa = PBXFileReference; lastKnownFileType = sourcecode.swift; path = AssessmentTaskTests.swift; sourceTree = "<group>"; };
		150A51A42212B48C00C837B0 /* Info.plist */ = {isa = PBXFileReference; lastKnownFileType = text.plist.xml; path = Info.plist; sourceTree = "<group>"; };
		150A51A92212B48C00C837B0 /* AssessmentTaskUITests.xctest */ = {isa = PBXFileReference; explicitFileType = wrapper.cfbundle; includeInIndex = 0; path = AssessmentTaskUITests.xctest; sourceTree = BUILT_PRODUCTS_DIR; };
		150A51AD2212B48C00C837B0 /* AssessmentTaskUITests.swift */ = {isa = PBXFileReference; lastKnownFileType = sourcecode.swift; path = AssessmentTaskUITests.swift; sourceTree = "<group>"; };
		150A51AF2212B48C00C837B0 /* Info.plist */ = {isa = PBXFileReference; lastKnownFileType = text.plist.xml; path = Info.plist; sourceTree = "<group>"; };
		150A51BB2212B57800C837B0 /* WebService.swift */ = {isa = PBXFileReference; lastKnownFileType = sourcecode.swift; path = WebService.swift; sourceTree = "<group>"; };
		150A51BD2212B92700C837B0 /* MainViewController.swift */ = {isa = PBXFileReference; lastKnownFileType = sourcecode.swift; path = MainViewController.swift; sourceTree = "<group>"; };
		15BC14142212C831000D2844 /* MainTableCell.swift */ = {isa = PBXFileReference; lastKnownFileType = sourcecode.swift; path = MainTableCell.swift; sourceTree = "<group>"; };
		15E4B8E12212EAA900ED81E0 /* Category.swift */ = {isa = PBXFileReference; lastKnownFileType = sourcecode.swift; path = Category.swift; sourceTree = "<group>"; };
		15E4B8E32212EB1B00ED81E0 /* MainViewModal.swift */ = {isa = PBXFileReference; lastKnownFileType = sourcecode.swift; path = MainViewModal.swift; sourceTree = "<group>"; };
		15E4B8E72212FEC900ED81E0 /* AssessmentConstants.swift */ = {isa = PBXFileReference; lastKnownFileType = sourcecode.swift; path = AssessmentConstants.swift; sourceTree = "<group>"; };
		15E4B8E92212FF8300ED81E0 /* Alert.swift */ = {isa = PBXFileReference; lastKnownFileType = sourcecode.swift; path = Alert.swift; sourceTree = "<group>"; };
		15E4B8EB2213129400ED81E0 /* RemoteDataSource.swift */ = {isa = PBXFileReference; lastKnownFileType = sourcecode.swift; path = RemoteDataSource.swift; sourceTree = "<group>"; };
		15E4B8ED22131D8B00ED81E0 /* ReachabilityHandler.swift */ = {isa = PBXFileReference; lastKnownFileType = sourcecode.swift; path = ReachabilityHandler.swift; sourceTree = "<group>"; };
		15E4B8EF221321FF00ED81E0 /* MockDataSource.swift */ = {isa = PBXFileReference; lastKnownFileType = sourcecode.swift; path = MockDataSource.swift; sourceTree = "<group>"; };
		15E4B8F1221327C200ED81E0 /* CategoryTest.swift */ = {isa = PBXFileReference; lastKnownFileType = sourcecode.swift; path = CategoryTest.swift; sourceTree = "<group>"; };
		575BD391B6859E19A54A9180 /* Pods-AssessmentTask.debug.xcconfig */ = {isa = PBXFileReference; includeInIndex = 1; lastKnownFileType = text.xcconfig; name = "Pods-AssessmentTask.debug.xcconfig"; path = "Pods/Target Support Files/Pods-AssessmentTask/Pods-AssessmentTask.debug.xcconfig"; sourceTree = "<group>"; };
		83D02DE1FB5F745E533285FC /* Pods-AssessmentTask.release.xcconfig */ = {isa = PBXFileReference; includeInIndex = 1; lastKnownFileType = text.xcconfig; name = "Pods-AssessmentTask.release.xcconfig"; path = "Pods/Target Support Files/Pods-AssessmentTask/Pods-AssessmentTask.release.xcconfig"; sourceTree = "<group>"; };
/* End PBXFileReference section */

/* Begin PBXFrameworksBuildPhase section */
		150A51872212B48A00C837B0 /* Frameworks */ = {
			isa = PBXFrameworksBuildPhase;
			buildActionMask = 2147483647;
			files = (
				7144FD7CC93A0799333ABC87 /* Pods_AssessmentTask.framework in Frameworks */,
			);
			runOnlyForDeploymentPostprocessing = 0;
		};
		150A519B2212B48C00C837B0 /* Frameworks */ = {
			isa = PBXFrameworksBuildPhase;
			buildActionMask = 2147483647;
			files = (
			);
			runOnlyForDeploymentPostprocessing = 0;
		};
		150A51A62212B48C00C837B0 /* Frameworks */ = {
			isa = PBXFrameworksBuildPhase;
			buildActionMask = 2147483647;
			files = (
			);
			runOnlyForDeploymentPostprocessing = 0;
		};
/* End PBXFrameworksBuildPhase section */

/* Begin PBXGroup section */
		150A51812212B48A00C837B0 = {
			isa = PBXGroup;
			children = (
				150A518C2212B48A00C837B0 /* AssessmentTask */,
				150A51A12212B48C00C837B0 /* AssessmentTaskTests */,
				150A51AC2212B48C00C837B0 /* AssessmentTaskUITests */,
				150A518B2212B48A00C837B0 /* Products */,
				92A9224BC4A2B6BDC14C6236 /* Pods */,
				EF5C9A373043A209A0C15020 /* Frameworks */,
			);
			sourceTree = "<group>";
		};
		150A518B2212B48A00C837B0 /* Products */ = {
			isa = PBXGroup;
			children = (
				150A518A2212B48A00C837B0 /* AssessmentTask.app */,
				150A519E2212B48C00C837B0 /* AssessmentTaskTests.xctest */,
				150A51A92212B48C00C837B0 /* AssessmentTaskUITests.xctest */,
			);
			name = Products;
			sourceTree = "<group>";
		};
		150A518C2212B48A00C837B0 /* AssessmentTask */ = {
			isa = PBXGroup;
			children = (
				150A518D2212B48A00C837B0 /* AppDelegate.swift */,
				15E4B8F722132CB600ED81E0 /* ViewController */,
				15E4B8FA22132CF800ED81E0 /* Utilities */,
				15E4B8F922132CDC00ED81E0 /* APIManager */,
				15E4B8F622132C9F00ED81E0 /* Model */,
				15E4B8FC22132D2B00ED81E0 /* MockRemote */,
				150A51942212B48C00C837B0 /* Assets.xcassets */,
				150A51962212B48C00C837B0 /* LaunchScreen.storyboard */,
				150A51992212B48C00C837B0 /* Info.plist */,
			);
			path = AssessmentTask;
			sourceTree = "<group>";
		};
		150A51A12212B48C00C837B0 /* AssessmentTaskTests */ = {
			isa = PBXGroup;
			children = (
				150A51A22212B48C00C837B0 /* AssessmentTaskTests.swift */,
				15E4B8F1221327C200ED81E0 /* CategoryTest.swift */,
				150A51A42212B48C00C837B0 /* Info.plist */,
			);
			path = AssessmentTaskTests;
			sourceTree = "<group>";
		};
		150A51AC2212B48C00C837B0 /* AssessmentTaskUITests */ = {
			isa = PBXGroup;
			children = (
				150A51AD2212B48C00C837B0 /* AssessmentTaskUITests.swift */,
				150A51AF2212B48C00C837B0 /* Info.plist */,
			);
			path = AssessmentTaskUITests;
			sourceTree = "<group>";
		};
		15E4B8F622132C9F00ED81E0 /* Model */ = {
			isa = PBXGroup;
			children = (
				15E4B8E12212EAA900ED81E0 /* Category.swift */,
			);
			path = Model;
			sourceTree = "<group>";
		};
		15E4B8F722132CB600ED81E0 /* ViewController */ = {
			isa = PBXGroup;
			children = (
				15E4B8FD22132D4500ED81E0 /* Controller */,
				15E4B8F822132CCA00ED81E0 /* ViewModel */,
				15E4B8FB22132D2000ED81E0 /* TablviewCell */,
			);
			path = ViewController;
			sourceTree = "<group>";
		};
		15E4B8F822132CCA00ED81E0 /* ViewModel */ = {
			isa = PBXGroup;
			children = (
				15E4B8E32212EB1B00ED81E0 /* MainViewModal.swift */,
			);
			path = ViewModel;
			sourceTree = "<group>";
		};
		15E4B8F922132CDC00ED81E0 /* APIManager */ = {
			isa = PBXGroup;
			children = (
				150A51BB2212B57800C837B0 /* WebService.swift */,
				15E4B8EB2213129400ED81E0 /* RemoteDataSource.swift */,
			);
			path = APIManager;
			sourceTree = "<group>";
		};
		15E4B8FA22132CF800ED81E0 /* Utilities */ = {
			isa = PBXGroup;
			children = (
				15E4B8ED22131D8B00ED81E0 /* ReachabilityHandler.swift */,
				15E4B8E72212FEC900ED81E0 /* AssessmentConstants.swift */,
				15E4B8E92212FF8300ED81E0 /* Alert.swift */,
			);
			name = Utilities;
			sourceTree = "<group>";
		};
		15E4B8FB22132D2000ED81E0 /* TablviewCell */ = {
			isa = PBXGroup;
			children = (
				15BC14142212C831000D2844 /* MainTableCell.swift */,
			);
			path = TablviewCell;
			sourceTree = "<group>";
		};
		15E4B8FC22132D2B00ED81E0 /* MockRemote */ = {
			isa = PBXGroup;
			children = (
				15E4B8EF221321FF00ED81E0 /* MockDataSource.swift */,
			);
			path = MockRemote;
			sourceTree = "<group>";
		};
		15E4B8FD22132D4500ED81E0 /* Controller */ = {
			isa = PBXGroup;
			children = (
				150A51BD2212B92700C837B0 /* MainViewController.swift */,
			);
			path = Controller;
			sourceTree = "<group>";
		};
		92A9224BC4A2B6BDC14C6236 /* Pods */ = {
			isa = PBXGroup;
			children = (
				575BD391B6859E19A54A9180 /* Pods-AssessmentTask.debug.xcconfig */,
				83D02DE1FB5F745E533285FC /* Pods-AssessmentTask.release.xcconfig */,
			);
			name = Pods;
			sourceTree = "<group>";
		};
		EF5C9A373043A209A0C15020 /* Frameworks */ = {
			isa = PBXGroup;
			children = (
				0994AB1195DFC08A52A78AF9 /* Pods_AssessmentTask.framework */,
			);
			name = Frameworks;
			sourceTree = "<group>";
		};
/* End PBXGroup section */

/* Begin PBXNativeTarget section */
		150A51892212B48A00C837B0 /* AssessmentTask */ = {
			isa = PBXNativeTarget;
			buildConfigurationList = 150A51B22212B48C00C837B0 /* Build configuration list for PBXNativeTarget "AssessmentTask" */;
			buildPhases = (
				BA13F2A787E8CEBC784AE26A /* [CP] Check Pods Manifest.lock */,
				150A51862212B48A00C837B0 /* Sources */,
				150A51872212B48A00C837B0 /* Frameworks */,
				150A51882212B48A00C837B0 /* Resources */,
				D88011754E1E33BDC87FB91A /* [CP] Embed Pods Frameworks */,
			);
			buildRules = (
			);
			dependencies = (
			);
			name = AssessmentTask;
			productName = AssessmentTask;
			productReference = 150A518A2212B48A00C837B0 /* AssessmentTask.app */;
			productType = "com.apple.product-type.application";
		};
		150A519D2212B48C00C837B0 /* AssessmentTaskTests */ = {
			isa = PBXNativeTarget;
			buildConfigurationList = 150A51B52212B48C00C837B0 /* Build configuration list for PBXNativeTarget "AssessmentTaskTests" */;
			buildPhases = (
				150A519A2212B48C00C837B0 /* Sources */,
				150A519B2212B48C00C837B0 /* Frameworks */,
				150A519C2212B48C00C837B0 /* Resources */,
			);
			buildRules = (
			);
			dependencies = (
				150A51A02212B48C00C837B0 /* PBXTargetDependency */,
			);
			name = AssessmentTaskTests;
			productName = AssessmentTaskTests;
			productReference = 150A519E2212B48C00C837B0 /* AssessmentTaskTests.xctest */;
			productType = "com.apple.product-type.bundle.unit-test";
		};
		150A51A82212B48C00C837B0 /* AssessmentTaskUITests */ = {
			isa = PBXNativeTarget;
			buildConfigurationList = 150A51B82212B48C00C837B0 /* Build configuration list for PBXNativeTarget "AssessmentTaskUITests" */;
			buildPhases = (
				150A51A52212B48C00C837B0 /* Sources */,
				150A51A62212B48C00C837B0 /* Frameworks */,
				150A51A72212B48C00C837B0 /* Resources */,
			);
			buildRules = (
			);
			dependencies = (
				150A51AB2212B48C00C837B0 /* PBXTargetDependency */,
			);
			name = AssessmentTaskUITests;
			productName = AssessmentTaskUITests;
			productReference = 150A51A92212B48C00C837B0 /* AssessmentTaskUITests.xctest */;
			productType = "com.apple.product-type.bundle.ui-testing";
		};
/* End PBXNativeTarget section */

/* Begin PBXProject section */
		150A51822212B48A00C837B0 /* Project object */ = {
			isa = PBXProject;
			attributes = {
				LastSwiftUpdateCheck = 1010;
				LastUpgradeCheck = 1010;
				ORGANIZATIONNAME = "Uma B";
				TargetAttributes = {
					150A51892212B48A00C837B0 = {
						CreatedOnToolsVersion = 10.1;
					};
					150A519D2212B48C00C837B0 = {
						CreatedOnToolsVersion = 10.1;
						TestTargetID = 150A51892212B48A00C837B0;
					};
					150A51A82212B48C00C837B0 = {
						CreatedOnToolsVersion = 10.1;
						TestTargetID = 150A51892212B48A00C837B0;
					};
				};
			};
			buildConfigurationList = 150A51852212B48A00C837B0 /* Build configuration list for PBXProject "AssessmentTask" */;
			compatibilityVersion = "Xcode 9.3";
			developmentRegion = en;
			hasScannedForEncodings = 0;
			knownRegions = (
				en,
				Base,
			);
			mainGroup = 150A51812212B48A00C837B0;
			productRefGroup = 150A518B2212B48A00C837B0 /* Products */;
			projectDirPath = "";
			projectRoot = "";
			targets = (
				150A51892212B48A00C837B0 /* AssessmentTask */,
				150A519D2212B48C00C837B0 /* AssessmentTaskTests */,
				150A51A82212B48C00C837B0 /* AssessmentTaskUITests */,
			);
		};
/* End PBXProject section */

/* Begin PBXResourcesBuildPhase section */
		150A51882212B48A00C837B0 /* Resources */ = {
			isa = PBXResourcesBuildPhase;
			buildActionMask = 2147483647;
			files = (
				150A51982212B48C00C837B0 /* LaunchScreen.storyboard in Resources */,
				150A51952212B48C00C837B0 /* Assets.xcassets in Resources */,
			);
			runOnlyForDeploymentPostprocessing = 0;
		};
		150A519C2212B48C00C837B0 /* Resources */ = {
			isa = PBXResourcesBuildPhase;
			buildActionMask = 2147483647;
			files = (
			);
			runOnlyForDeploymentPostprocessing = 0;
		};
		150A51A72212B48C00C837B0 /* Resources */ = {
			isa = PBXResourcesBuildPhase;
			buildActionMask = 2147483647;
			files = (
			);
			runOnlyForDeploymentPostprocessing = 0;
		};
/* End PBXResourcesBuildPhase section */

/* Begin PBXShellScriptBuildPhase section */
		BA13F2A787E8CEBC784AE26A /* [CP] Check Pods Manifest.lock */ = {
			isa = PBXShellScriptBuildPhase;
			buildActionMask = 2147483647;
			files = (
			);
			inputFileListPaths = (
			);
			inputPaths = (
				"${PODS_PODFILE_DIR_PATH}/Podfile.lock",
				"${PODS_ROOT}/Manifest.lock",
			);
			name = "[CP] Check Pods Manifest.lock";
			outputFileListPaths = (
			);
			outputPaths = (
				"$(DERIVED_FILE_DIR)/Pods-AssessmentTask-checkManifestLockResult.txt",
			);
			runOnlyForDeploymentPostprocessing = 0;
			shellPath = /bin/sh;
			shellScript = "diff \"${PODS_PODFILE_DIR_PATH}/Podfile.lock\" \"${PODS_ROOT}/Manifest.lock\" > /dev/null\nif [ $? != 0 ] ; then\n    # print error to STDERR\n    echo \"error: The sandbox is not in sync with the Podfile.lock. Run 'pod install' or update your CocoaPods installation.\" >&2\n    exit 1\nfi\n# This output is used by Xcode 'outputs' to avoid re-running this script phase.\necho \"SUCCESS\" > \"${SCRIPT_OUTPUT_FILE_0}\"\n";
			showEnvVarsInLog = 0;
		};
		D88011754E1E33BDC87FB91A /* [CP] Embed Pods Frameworks */ = {
			isa = PBXShellScriptBuildPhase;
			buildActionMask = 2147483647;
			files = (
			);
			inputFileListPaths = (
			);
			inputPaths = (
				"${SRCROOT}/Pods/Target Support Files/Pods-AssessmentTask/Pods-AssessmentTask-frameworks.sh",
				"${BUILT_PRODUCTS_DIR}/Kingfisher/Kingfisher.framework",
				"${BUILT_PRODUCTS_DIR}/ReachabilitySwift/Reachability.framework",
				"${BUILT_PRODUCTS_DIR}/SVProgressHUD/SVProgressHUD.framework",
				"${BUILT_PRODUCTS_DIR}/SnapKit/SnapKit.framework",
			);
			name = "[CP] Embed Pods Frameworks";
			outputFileListPaths = (
			);
			outputPaths = (
				"${TARGET_BUILD_DIR}/${FRAMEWORKS_FOLDER_PATH}/Kingfisher.framework",
				"${TARGET_BUILD_DIR}/${FRAMEWORKS_FOLDER_PATH}/Reachability.framework",
				"${TARGET_BUILD_DIR}/${FRAMEWORKS_FOLDER_PATH}/SVProgressHUD.framework",
				"${TARGET_BUILD_DIR}/${FRAMEWORKS_FOLDER_PATH}/SnapKit.framework",
			);
			runOnlyForDeploymentPostprocessing = 0;
			shellPath = /bin/sh;
			shellScript = "\"${SRCROOT}/Pods/Target Support Files/Pods-AssessmentTask/Pods-AssessmentTask-frameworks.sh\"\n";
			showEnvVarsInLog = 0;
		};
/* End PBXShellScriptBuildPhase section */

/* Begin PBXSourcesBuildPhase section */
		150A51862212B48A00C837B0 /* Sources */ = {
			isa = PBXSourcesBuildPhase;
			buildActionMask = 2147483647;
			files = (
				15E4B8F0221321FF00ED81E0 /* MockDataSource.swift in Sources */,
				150A51BE2212B92700C837B0 /* MainViewController.swift in Sources */,
				15E4B8E22212EAA900ED81E0 /* Category.swift in Sources */,
				150A51BC2212B57800C837B0 /* WebService.swift in Sources */,
				15E4B8E42212EB1B00ED81E0 /* MainViewModal.swift in Sources */,
				15E4B8EC2213129400ED81E0 /* RemoteDataSource.swift in Sources */,
				15E4B8EE22131D8B00ED81E0 /* ReachabilityHandler.swift in Sources */,
				150A518E2212B48A00C837B0 /* AppDelegate.swift in Sources */,
				15BC14152212C831000D2844 /* MainTableCell.swift in Sources */,
				15E4B8EA2212FF8300ED81E0 /* Alert.swift in Sources */,
				15E4B8E82212FEC900ED81E0 /* AssessmentConstants.swift in Sources */,
			);
			runOnlyForDeploymentPostprocessing = 0;
		};
		150A519A2212B48C00C837B0 /* Sources */ = {
			isa = PBXSourcesBuildPhase;
			buildActionMask = 2147483647;
			files = (
				150A51A32212B48C00C837B0 /* AssessmentTaskTests.swift in Sources */,
				15E4B8F2221327C200ED81E0 /* CategoryTest.swift in Sources */,
				15E4B8F522132AA200ED81E0 /* Category.swift in Sources */,
			);
			runOnlyForDeploymentPostprocessing = 0;
		};
		150A51A52212B48C00C837B0 /* Sources */ = {
			isa = PBXSourcesBuildPhase;
			buildActionMask = 2147483647;
			files = (
				150A51AE2212B48C00C837B0 /* AssessmentTaskUITests.swift in Sources */,
			);
			runOnlyForDeploymentPostprocessing = 0;
		};
/* End PBXSourcesBuildPhase section */

/* Begin PBXTargetDependency section */
		150A51A02212B48C00C837B0 /* PBXTargetDependency */ = {
			isa = PBXTargetDependency;
			target = 150A51892212B48A00C837B0 /* AssessmentTask */;
			targetProxy = 150A519F2212B48C00C837B0 /* PBXContainerItemProxy */;
		};
		150A51AB2212B48C00C837B0 /* PBXTargetDependency */ = {
			isa = PBXTargetDependency;
			target = 150A51892212B48A00C837B0 /* AssessmentTask */;
			targetProxy = 150A51AA2212B48C00C837B0 /* PBXContainerItemProxy */;
		};
/* End PBXTargetDependency section */

/* Begin PBXVariantGroup section */
		150A51962212B48C00C837B0 /* LaunchScreen.storyboard */ = {
			isa = PBXVariantGroup;
			children = (
				150A51972212B48C00C837B0 /* Base */,
			);
			name = LaunchScreen.storyboard;
			sourceTree = "<group>";
		};
/* End PBXVariantGroup section */

/* Begin XCBuildConfiguration section */
		150A51B02212B48C00C837B0 /* Debug */ = {
			isa = XCBuildConfiguration;
			buildSettings = {
				ALWAYS_SEARCH_USER_PATHS = NO;
				CLANG_ANALYZER_NONNULL = YES;
				CLANG_ANALYZER_NUMBER_OBJECT_CONVERSION = YES_AGGRESSIVE;
				CLANG_CXX_LANGUAGE_STANDARD = "gnu++14";
				CLANG_CXX_LIBRARY = "libc++";
				CLANG_ENABLE_MODULES = YES;
				CLANG_ENABLE_OBJC_ARC = YES;
				CLANG_ENABLE_OBJC_WEAK = YES;
				CLANG_WARN_BLOCK_CAPTURE_AUTORELEASING = YES;
				CLANG_WARN_BOOL_CONVERSION = YES;
				CLANG_WARN_COMMA = YES;
				CLANG_WARN_CONSTANT_CONVERSION = YES;
				CLANG_WARN_DEPRECATED_OBJC_IMPLEMENTATIONS = YES;
				CLANG_WARN_DIRECT_OBJC_ISA_USAGE = YES_ERROR;
				CLANG_WARN_DOCUMENTATION_COMMENTS = YES;
				CLANG_WARN_EMPTY_BODY = YES;
				CLANG_WARN_ENUM_CONVERSION = YES;
				CLANG_WARN_INFINITE_RECURSION = YES;
				CLANG_WARN_INT_CONVERSION = YES;
				CLANG_WARN_NON_LITERAL_NULL_CONVERSION = YES;
				CLANG_WARN_OBJC_IMPLICIT_RETAIN_SELF = YES;
				CLANG_WARN_OBJC_LITERAL_CONVERSION = YES;
				CLANG_WARN_OBJC_ROOT_CLASS = YES_ERROR;
				CLANG_WARN_RANGE_LOOP_ANALYSIS = YES;
				CLANG_WARN_STRICT_PROTOTYPES = YES;
				CLANG_WARN_SUSPICIOUS_MOVE = YES;
				CLANG_WARN_UNGUARDED_AVAILABILITY = YES_AGGRESSIVE;
				CLANG_WARN_UNREACHABLE_CODE = YES;
				CLANG_WARN__DUPLICATE_METHOD_MATCH = YES;
				CODE_SIGN_IDENTITY = "iPhone Developer";
				COPY_PHASE_STRIP = NO;
				DEBUG_INFORMATION_FORMAT = dwarf;
				ENABLE_STRICT_OBJC_MSGSEND = YES;
				ENABLE_TESTABILITY = YES;
				GCC_C_LANGUAGE_STANDARD = gnu11;
				GCC_DYNAMIC_NO_PIC = NO;
				GCC_NO_COMMON_BLOCKS = YES;
				GCC_OPTIMIZATION_LEVEL = 0;
				GCC_PREPROCESSOR_DEFINITIONS = (
					"DEBUG=1",
					"$(inherited)",
				);
				GCC_WARN_64_TO_32_BIT_CONVERSION = YES;
				GCC_WARN_ABOUT_RETURN_TYPE = YES_ERROR;
				GCC_WARN_UNDECLARED_SELECTOR = YES;
				GCC_WARN_UNINITIALIZED_AUTOS = YES_AGGRESSIVE;
				GCC_WARN_UNUSED_FUNCTION = YES;
				GCC_WARN_UNUSED_VARIABLE = YES;
				IPHONEOS_DEPLOYMENT_TARGET = 12.1;
				MTL_ENABLE_DEBUG_INFO = INCLUDE_SOURCE;
				MTL_FAST_MATH = YES;
				ONLY_ACTIVE_ARCH = YES;
				SDKROOT = iphoneos;
				SWIFT_ACTIVE_COMPILATION_CONDITIONS = DEBUG;
				SWIFT_OPTIMIZATION_LEVEL = "-Onone";
			};
			name = Debug;
		};
		150A51B12212B48C00C837B0 /* Release */ = {
			isa = XCBuildConfiguration;
			buildSettings = {
				ALWAYS_SEARCH_USER_PATHS = NO;
				CLANG_ANALYZER_NONNULL = YES;
				CLANG_ANALYZER_NUMBER_OBJECT_CONVERSION = YES_AGGRESSIVE;
				CLANG_CXX_LANGUAGE_STANDARD = "gnu++14";
				CLANG_CXX_LIBRARY = "libc++";
				CLANG_ENABLE_MODULES = YES;
				CLANG_ENABLE_OBJC_ARC = YES;
				CLANG_ENABLE_OBJC_WEAK = YES;
				CLANG_WARN_BLOCK_CAPTURE_AUTORELEASING = YES;
				CLANG_WARN_BOOL_CONVERSION = YES;
				CLANG_WARN_COMMA = YES;
				CLANG_WARN_CONSTANT_CONVERSION = YES;
				CLANG_WARN_DEPRECATED_OBJC_IMPLEMENTATIONS = YES;
				CLANG_WARN_DIRECT_OBJC_ISA_USAGE = YES_ERROR;
				CLANG_WARN_DOCUMENTATION_COMMENTS = YES;
				CLANG_WARN_EMPTY_BODY = YES;
				CLANG_WARN_ENUM_CONVERSION = YES;
				CLANG_WARN_INFINITE_RECURSION = YES;
				CLANG_WARN_INT_CONVERSION = YES;
				CLANG_WARN_NON_LITERAL_NULL_CONVERSION = YES;
				CLANG_WARN_OBJC_IMPLICIT_RETAIN_SELF = YES;
				CLANG_WARN_OBJC_LITERAL_CONVERSION = YES;
				CLANG_WARN_OBJC_ROOT_CLASS = YES_ERROR;
				CLANG_WARN_RANGE_LOOP_ANALYSIS = YES;
				CLANG_WARN_STRICT_PROTOTYPES = YES;
				CLANG_WARN_SUSPICIOUS_MOVE = YES;
				CLANG_WARN_UNGUARDED_AVAILABILITY = YES_AGGRESSIVE;
				CLANG_WARN_UNREACHABLE_CODE = YES;
				CLANG_WARN__DUPLICATE_METHOD_MATCH = YES;
				CODE_SIGN_IDENTITY = "iPhone Developer";
				COPY_PHASE_STRIP = NO;
				DEBUG_INFORMATION_FORMAT = "dwarf-with-dsym";
				ENABLE_NS_ASSERTIONS = NO;
				ENABLE_STRICT_OBJC_MSGSEND = YES;
				GCC_C_LANGUAGE_STANDARD = gnu11;
				GCC_NO_COMMON_BLOCKS = YES;
				GCC_WARN_64_TO_32_BIT_CONVERSION = YES;
				GCC_WARN_ABOUT_RETURN_TYPE = YES_ERROR;
				GCC_WARN_UNDECLARED_SELECTOR = YES;
				GCC_WARN_UNINITIALIZED_AUTOS = YES_AGGRESSIVE;
				GCC_WARN_UNUSED_FUNCTION = YES;
				GCC_WARN_UNUSED_VARIABLE = YES;
				IPHONEOS_DEPLOYMENT_TARGET = 12.1;
				MTL_ENABLE_DEBUG_INFO = NO;
				MTL_FAST_MATH = YES;
				SDKROOT = iphoneos;
				SWIFT_COMPILATION_MODE = wholemodule;
				SWIFT_OPTIMIZATION_LEVEL = "-O";
				VALIDATE_PRODUCT = YES;
			};
			name = Release;
		};
		150A51B32212B48C00C837B0 /* Debug */ = {
			isa = XCBuildConfiguration;
			baseConfigurationReference = 575BD391B6859E19A54A9180 /* Pods-AssessmentTask.debug.xcconfig */;
			buildSettings = {
				ASSETCATALOG_COMPILER_APPICON_NAME = AppIcon;
				CODE_SIGN_STYLE = Automatic;
				INFOPLIST_FILE = AssessmentTask/Info.plist;
				LD_RUNPATH_SEARCH_PATHS = (
					"$(inherited)",
					"@executable_path/Frameworks",
				);
				PRODUCT_BUNDLE_IDENTIFIER = com.uma.AssessmentTask;
				PRODUCT_NAME = "$(TARGET_NAME)";
				SWIFT_VERSION = 4.2;
				TARGETED_DEVICE_FAMILY = "1,2";
			};
			name = Debug;
		};
		150A51B42212B48C00C837B0 /* Release */ = {
			isa = XCBuildConfiguration;
			baseConfigurationReference = 83D02DE1FB5F745E533285FC /* Pods-AssessmentTask.release.xcconfig */;
			buildSettings = {
				ASSETCATALOG_COMPILER_APPICON_NAME = AppIcon;
				CODE_SIGN_STYLE = Automatic;
				INFOPLIST_FILE = AssessmentTask/Info.plist;
				LD_RUNPATH_SEARCH_PATHS = (
					"$(inherited)",
					"@executable_path/Frameworks",
				);
				PRODUCT_BUNDLE_IDENTIFIER = com.uma.AssessmentTask;
				PRODUCT_NAME = "$(TARGET_NAME)";
				SWIFT_VERSION = 4.2;
				TARGETED_DEVICE_FAMILY = "1,2";
			};
			name = Release;
		};
		150A51B62212B48C00C837B0 /* Debug */ = {
			isa = XCBuildConfiguration;
			buildSettings = {
				ALWAYS_EMBED_SWIFT_STANDARD_LIBRARIES = YES;
				BUNDLE_LOADER = "$(TEST_HOST)";
				CODE_SIGN_STYLE = Automatic;
				INFOPLIST_FILE = AssessmentTaskTests/Info.plist;
				LD_RUNPATH_SEARCH_PATHS = (
					"$(inherited)",
					"@executable_path/Frameworks",
					"@loader_path/Frameworks",
				);
				PRODUCT_BUNDLE_IDENTIFIER = com.uma.AssessmentTaskTests;
				PRODUCT_NAME = "$(TARGET_NAME)";
				SWIFT_VERSION = 4.2;
				TARGETED_DEVICE_FAMILY = "1,2";
				TEST_HOST = "$(BUILT_PRODUCTS_DIR)/AssessmentTask.app/AssessmentTask";
			};
			name = Debug;
		};
		150A51B72212B48C00C837B0 /* Release */ = {
			isa = XCBuildConfiguration;
			buildSettings = {
				ALWAYS_EMBED_SWIFT_STANDARD_LIBRARIES = YES;
				BUNDLE_LOADER = "$(TEST_HOST)";
				CODE_SIGN_STYLE = Automatic;
				INFOPLIST_FILE = AssessmentTaskTests/Info.plist;
				LD_RUNPATH_SEARCH_PATHS = (
					"$(inherited)",
					"@executable_path/Frameworks",
					"@loader_path/Frameworks",
				);
				PRODUCT_BUNDLE_IDENTIFIER = com.uma.AssessmentTaskTests;
				PRODUCT_NAME = "$(TARGET_NAME)";
				SWIFT_VERSION = 4.2;
				TARGETED_DEVICE_FAMILY = "1,2";
				TEST_HOST = "$(BUILT_PRODUCTS_DIR)/AssessmentTask.app/AssessmentTask";
			};
			name = Release;
		};
		150A51B92212B48C00C837B0 /* Debug */ = {
			isa = XCBuildConfiguration;
			buildSettings = {
				ALWAYS_EMBED_SWIFT_STANDARD_LIBRARIES = YES;
				CODE_SIGN_STYLE = Automatic;
				INFOPLIST_FILE = AssessmentTaskUITests/Info.plist;
				LD_RUNPATH_SEARCH_PATHS = (
					"$(inherited)",
					"@executable_path/Frameworks",
					"@loader_path/Frameworks",
				);
				PRODUCT_BUNDLE_IDENTIFIER = com.uma.AssessmentTaskUITests;
				PRODUCT_NAME = "$(TARGET_NAME)";
				SWIFT_VERSION = 4.2;
				TARGETED_DEVICE_FAMILY = "1,2";
				TEST_TARGET_NAME = AssessmentTask;
			};
			name = Debug;
		};
		150A51BA2212B48C00C837B0 /* Release */ = {
			isa = XCBuildConfiguration;
			buildSettings = {
				ALWAYS_EMBED_SWIFT_STANDARD_LIBRARIES = YES;
				CODE_SIGN_STYLE = Automatic;
				INFOPLIST_FILE = AssessmentTaskUITests/Info.plist;
				LD_RUNPATH_SEARCH_PATHS = (
					"$(inherited)",
					"@executable_path/Frameworks",
					"@loader_path/Frameworks",
				);
				PRODUCT_BUNDLE_IDENTIFIER = com.uma.AssessmentTaskUITests;
				PRODUCT_NAME = "$(TARGET_NAME)";
				SWIFT_VERSION = 4.2;
				TARGETED_DEVICE_FAMILY = "1,2";
				TEST_TARGET_NAME = AssessmentTask;
			};
			name = Release;
		};
/* End XCBuildConfiguration section */

/* Begin XCConfigurationList section */
		150A51852212B48A00C837B0 /* Build configuration list for PBXProject "AssessmentTask" */ = {
			isa = XCConfigurationList;
			buildConfigurations = (
				150A51B02212B48C00C837B0 /* Debug */,
				150A51B12212B48C00C837B0 /* Release */,
			);
			defaultConfigurationIsVisible = 0;
			defaultConfigurationName = Release;
		};
		150A51B22212B48C00C837B0 /* Build configuration list for PBXNativeTarget "AssessmentTask" */ = {
			isa = XCConfigurationList;
			buildConfigurations = (
				150A51B32212B48C00C837B0 /* Debug */,
				150A51B42212B48C00C837B0 /* Release */,
			);
			defaultConfigurationIsVisible = 0;
			defaultConfigurationName = Release;
		};
		150A51B52212B48C00C837B0 /* Build configuration list for PBXNativeTarget "AssessmentTaskTests" */ = {
			isa = XCConfigurationList;
			buildConfigurations = (
				150A51B62212B48C00C837B0 /* Debug */,
				150A51B72212B48C00C837B0 /* Release */,
			);
			defaultConfigurationIsVisible = 0;
			defaultConfigurationName = Release;
		};
		150A51B82212B48C00C837B0 /* Build configuration list for PBXNativeTarget "AssessmentTaskUITests" */ = {
			isa = XCConfigurationList;
			buildConfigurations = (
				150A51B92212B48C00C837B0 /* Debug */,
				150A51BA2212B48C00C837B0 /* Release */,
			);
			defaultConfigurationIsVisible = 0;
			defaultConfigurationName = Release;
		};
/* End XCConfigurationList section */
	};
	rootObject = 150A51822212B48A00C837B0 /* Project object */;
}
